// !$*UTF8*$!
{
	archiveVersion = 1;
	classes = {
	};
	objectVersion = 51;
	objects = {

/* Begin PBXBuildFile section */
		96D119E5210E7B16000ED4E1 /* libtess3.cpp in Sources */ = {isa = PBXBuildFile; fileRef = 96D119E4210E7B16000ED4E1 /* libtess3.cpp */; };
/* End PBXBuildFile section */

/* Begin PBXFileReference section */
		96D119E4210E7B16000ED4E1 /* libtess3.cpp */ = {isa = PBXFileReference; lastKnownFileType = sourcecode.cpp.cpp; path = libtess3.cpp; sourceTree = "<group>"; };
		96D119E6210E90CE000ED4E1 /* options.h */ = {isa = PBXFileReference; lastKnownFileType = sourcecode.c.h; path = options.h; sourceTree = "<group>"; };
		96D119E8210FE35B000ED4E1 /* allocators.h */ = {isa = PBXFileReference; lastKnownFileType = sourcecode.c.h; path = allocators.h; sourceTree = "<group>"; };
		96D119E9210FE380000ED4E1 /* edgestack.h */ = {isa = PBXFileReference; lastKnownFileType = sourcecode.c.h; path = edgestack.h; sourceTree = "<group>"; };
		96FF989A1D65E54800404BDA /* libtess2.a */ = {isa = PBXFileReference; explicitFileType = archive.ar; includeInIndex = 0; name = libtess2.a; path = libtess3.a; sourceTree = BUILT_PRODUCTS_DIR; };
		96FF98A71D65E59200404BDA /* alg_outline.md */ = {isa = PBXFileReference; fileEncoding = 4; lastKnownFileType = net.daringfireball.markdown; path = alg_outline.md; sourceTree = "<group>"; };
		96FF98AC1D65E59200404BDA /* LICENSE.txt */ = {isa = PBXFileReference; fileEncoding = 4; lastKnownFileType = text; path = LICENSE.txt; sourceTree = "<group>"; };
		96FF98AD1D65E59200404BDA /* README.md */ = {isa = PBXFileReference; fileEncoding = 4; lastKnownFileType = net.daringfireball.markdown; path = README.md; sourceTree = "<group>"; };
		96FF98AF1D65E59200404BDA /* bucketalloc.inl */ = {isa = PBXFileReference; fileEncoding = 4; lastKnownFileType = text; path = bucketalloc.inl; sourceTree = "<group>"; };
		96FF98B01D65E59200404BDA /* bucketalloc.h */ = {isa = PBXFileReference; fileEncoding = 4; lastKnownFileType = sourcecode.c.h; path = bucketalloc.h; sourceTree = "<group>"; };
		96FF98B11D65E59200404BDA /* dict.inl */ = {isa = PBXFileReference; fileEncoding = 4; lastKnownFileType = text; path = dict.inl; sourceTree = "<group>"; };
		96FF98B21D65E59200404BDA /* dict.h */ = {isa = PBXFileReference; fileEncoding = 4; lastKnownFileType = sourcecode.c.h; path = dict.h; sourceTree = "<group>"; };
		96FF98B31D65E59200404BDA /* geom.inl */ = {isa = PBXFileReference; fileEncoding = 4; lastKnownFileType = text; path = geom.inl; sourceTree = "<group>"; };
		96FF98B41D65E59200404BDA /* geom.h */ = {isa = PBXFileReference; fileEncoding = 4; lastKnownFileType = sourcecode.c.h; path = geom.h; sourceTree = "<group>"; };
		96FF98B51D65E59200404BDA /* mesh.inl */ = {isa = PBXFileReference; fileEncoding = 4; lastKnownFileType = text; path = mesh.inl; sourceTree = "<group>"; };
		96FF98B61D65E59200404BDA /* mesh.h */ = {isa = PBXFileReference; fileEncoding = 4; lastKnownFileType = sourcecode.c.h; path = mesh.h; sourceTree = "<group>"; };
		96FF98B71D65E59200404BDA /* priorityq.inl */ = {isa = PBXFileReference; fileEncoding = 4; lastKnownFileType = text; path = priorityq.inl; sourceTree = "<group>"; };
		96FF98B81D65E59200404BDA /* priorityq.h */ = {isa = PBXFileReference; fileEncoding = 4; lastKnownFileType = sourcecode.c.h; path = priorityq.h; sourceTree = "<group>"; };
		96FF98B91D65E59200404BDA /* sweep.inl */ = {isa = PBXFileReference; fileEncoding = 4; lastKnownFileType = text; path = sweep.inl; sourceTree = "<group>"; };
		96FF98BA1D65E59200404BDA /* sweep.h */ = {isa = PBXFileReference; fileEncoding = 4; lastKnownFileType = sourcecode.c.h; path = sweep.h; sourceTree = "<group>"; };
		96FF98BB1D65E59200404BDA /* tess.inl */ = {isa = PBXFileReference; fileEncoding = 4; lastKnownFileType = text; path = tess.inl; sourceTree = "<group>"; };
		96FF98BC1D65E59200404BDA /* tess.h */ = {isa = PBXFileReference; fileEncoding = 4; lastKnownFileType = sourcecode.c.h; path = tess.h; sourceTree = "<group>"; };
/* End PBXFileReference section */

/* Begin PBXFrameworksBuildPhase section */
		96FF98971D65E54800404BDA /* Frameworks */ = {
			isa = PBXFrameworksBuildPhase;
			buildActionMask = 2147483647;
			files = (
			);
			runOnlyForDeploymentPostprocessing = 0;
		};
/* End PBXFrameworksBuildPhase section */

/* Begin PBXGroup section */
		96E5959A1D7136820022B80A /* libtess3 */ = {
			isa = PBXGroup;
			children = (
				96FF98A71D65E59200404BDA /* alg_outline.md */,
				96FF98AC1D65E59200404BDA /* LICENSE.txt */,
				96FF98AD1D65E59200404BDA /* README.md */,
				96FF98AE1D65E59200404BDA /* Source */,
			);
			name = libtess3;
			sourceTree = "<group>";
		};
		96FF98911D65E54800404BDA = {
			isa = PBXGroup;
			children = (
				96E5959A1D7136820022B80A /* libtess3 */,
				96FF989B1D65E54800404BDA /* Products */,
			);
			sourceTree = "<group>";
		};
		96FF989B1D65E54800404BDA /* Products */ = {
			isa = PBXGroup;
			children = (
				96FF989A1D65E54800404BDA /* libtess2.a */,
			);
			name = Products;
			sourceTree = "<group>";
		};
		96FF98AE1D65E59200404BDA /* Source */ = {
			isa = PBXGroup;
			children = (
				96D119E8210FE35B000ED4E1 /* allocators.h */,
				96FF98AF1D65E59200404BDA /* bucketalloc.inl */,
				96FF98B01D65E59200404BDA /* bucketalloc.h */,
				96FF98B11D65E59200404BDA /* dict.inl */,
				96FF98B21D65E59200404BDA /* dict.h */,
				96D119E9210FE380000ED4E1 /* edgestack.h */,
				96FF98B31D65E59200404BDA /* geom.inl */,
				96FF98B41D65E59200404BDA /* geom.h */,
				96FF98B51D65E59200404BDA /* mesh.inl */,
				96FF98B61D65E59200404BDA /* mesh.h */,
				96D119E6210E90CE000ED4E1 /* options.h */,
				96FF98B71D65E59200404BDA /* priorityq.inl */,
				96FF98B81D65E59200404BDA /* priorityq.h */,
				96FF98B91D65E59200404BDA /* sweep.inl */,
				96FF98BA1D65E59200404BDA /* sweep.h */,
				96FF98BB1D65E59200404BDA /* tess.inl */,
				96FF98BC1D65E59200404BDA /* tess.h */,
				96D119E4210E7B16000ED4E1 /* libtess3.cpp */,
			);
			path = Source;
			sourceTree = "<group>";
		};
/* End PBXGroup section */

/* Begin PBXNativeTarget section */
		96FF98991D65E54800404BDA /* Tess3 */ = {
			isa = PBXNativeTarget;
			buildConfigurationList = 96FF98A31D65E54900404BDA /* Build configuration list for PBXNativeTarget "Tess3" */;
			buildPhases = (
				96FF98961D65E54800404BDA /* Sources */,
				96FF98971D65E54800404BDA /* Frameworks */,
			);
			buildRules = (
			);
			dependencies = (
			);
			name = Tess3;
			productName = Tess2;
			productReference = 96FF989A1D65E54800404BDA /* libtess2.a */;
			productType = "com.apple.product-type.library.static";
		};
/* End PBXNativeTarget section */

/* Begin PBXProject section */
		96FF98921D65E54800404BDA /* Project object */ = {
			isa = PBXProject;
			attributes = {
				LastUpgradeCheck = 1000;
				ORGANIZATIONNAME = "Michel Donais";
				TargetAttributes = {
					96FF98991D65E54800404BDA = {
						CreatedOnToolsVersion = 8.0;
						DevelopmentTeam = 6UA46ZJEU9;
						DevelopmentTeamName = "Michel Donais";
						ProvisioningStyle = Automatic;
					};
				};
			};
			buildConfigurationList = 96FF98951D65E54800404BDA /* Build configuration list for PBXProject "Tess3" */;
			compatibilityVersion = "Xcode 10.0";
			developmentRegion = English;
			hasScannedForEncodings = 0;
			knownRegions = (
				en,
			);
			mainGroup = 96FF98911D65E54800404BDA;
			productRefGroup = 96FF989B1D65E54800404BDA /* Products */;
			projectDirPath = "";
			projectRoot = "";
			targets = (
				96FF98991D65E54800404BDA /* Tess3 */,
			);
		};
/* End PBXProject section */

/* Begin PBXSourcesBuildPhase section */
		96FF98961D65E54800404BDA /* Sources */ = {
			isa = PBXSourcesBuildPhase;
			buildActionMask = 2147483647;
			files = (
				96D119E5210E7B16000ED4E1 /* libtess3.cpp in Sources */,
			);
			runOnlyForDeploymentPostprocessing = 0;
		};
/* End PBXSourcesBuildPhase section */

/* Begin XCBuildConfiguration section */
		96FF98A11D65E54900404BDA /* Debug */ = {
			isa = XCBuildConfiguration;
			buildSettings = {
				ALWAYS_SEARCH_USER_PATHS = NO;
				CLANG_ANALYZER_NONNULL = YES;
				CLANG_CXX_LANGUAGE_STANDARD = "c++17";
				CLANG_CXX_LIBRARY = "libc++";
				CLANG_WARN_ASSIGN_ENUM = YES;
				CLANG_WARN_BLOCK_CAPTURE_AUTORELEASING = YES;
				CLANG_WARN_BOOL_CONVERSION = YES;
				CLANG_WARN_COMMA = YES;
				CLANG_WARN_CONSTANT_CONVERSION = YES;
				CLANG_WARN_DEPRECATED_OBJC_IMPLEMENTATIONS = YES;
				CLANG_WARN_DIRECT_OBJC_ISA_USAGE = YES_ERROR;
				CLANG_WARN_DOCUMENTATION_COMMENTS = YES;
				CLANG_WARN_EMPTY_BODY = YES;
				CLANG_WARN_ENUM_CONVERSION = YES;
				CLANG_WARN_IMPLICIT_SIGN_CONVERSION = YES;
				CLANG_WARN_INFINITE_RECURSION = YES;
				CLANG_WARN_INT_CONVERSION = YES;
				CLANG_WARN_OBJC_IMPLICIT_RETAIN_SELF = YES;
				CLANG_WARN_OBJC_ROOT_CLASS = YES_ERROR;
				CLANG_WARN_RANGE_LOOP_ANALYSIS = YES;
				CLANG_WARN_STRICT_PROTOTYPES = YES;
				CLANG_WARN_SUSPICIOUS_IMPLICIT_CONVERSION = YES;
				CLANG_WARN_SUSPICIOUS_MOVE = YES;
				CLANG_WARN_UNREACHABLE_CODE = YES;
				CLANG_WARN__DUPLICATE_METHOD_MATCH = YES;
				CLANG_WARN__EXIT_TIME_DESTRUCTORS = YES;
				COPY_PHASE_STRIP = NO;
				DEBUG_INFORMATION_FORMAT = "dwarf-with-dsym";
				ENABLE_STRICT_OBJC_MSGSEND = YES;
				ENABLE_TESTABILITY = YES;
				GCC_NO_COMMON_BLOCKS = YES;
				GCC_OPTIMIZATION_LEVEL = 0;
				GCC_PREPROCESSOR_DEFINITIONS = (
					"DEBUG=1",
					"$(inherited)",
				);
				GCC_TREAT_IMPLICIT_FUNCTION_DECLARATIONS_AS_ERRORS = YES;
				GCC_TREAT_INCOMPATIBLE_POINTER_TYPE_WARNINGS_AS_ERRORS = YES;
				GCC_WARN_64_TO_32_BIT_CONVERSION = YES;
				GCC_WARN_ABOUT_MISSING_FIELD_INITIALIZERS = YES;
				GCC_WARN_ABOUT_MISSING_NEWLINE = YES;
				GCC_WARN_ABOUT_MISSING_PROTOTYPES = YES;
				GCC_WARN_ABOUT_RETURN_TYPE = YES_ERROR;
				GCC_WARN_FOUR_CHARACTER_CONSTANTS = YES;
				GCC_WARN_HIDDEN_VIRTUAL_FUNCTIONS = YES;
				GCC_WARN_INITIALIZER_NOT_FULLY_BRACKETED = YES;
				GCC_WARN_NON_VIRTUAL_DESTRUCTOR = YES;
				GCC_WARN_SHADOW = YES;
				GCC_WARN_SIGN_COMPARE = YES;
				GCC_WARN_UNDECLARED_SELECTOR = YES;
				GCC_WARN_UNINITIALIZED_AUTOS = YES_AGGRESSIVE;
				GCC_WARN_UNKNOWN_PRAGMAS = YES;
				GCC_WARN_UNUSED_FUNCTION = YES;
				GCC_WARN_UNUSED_LABEL = YES;
				GCC_WARN_UNUSED_PARAMETER = YES;
				GCC_WARN_UNUSED_VARIABLE = YES;
				IPHONEOS_DEPLOYMENT_TARGET = 11.4;
				LIBRARY_SEARCH_PATHS = /opt/boost/lib;
				ONLY_ACTIVE_ARCH = YES;
				PRODUCT_NAME = tess3;
				SKIP_INSTALL = YES;
				SYSTEM_HEADER_SEARCH_PATHS = /opt/boost/include;
			};
			name = Debug;
		};
		96FF98A21D65E54900404BDA /* Release */ = {
			isa = XCBuildConfiguration;
			buildSettings = {
				ALWAYS_SEARCH_USER_PATHS = NO;
				CLANG_ANALYZER_NONNULL = YES;
				CLANG_CXX_LANGUAGE_STANDARD = "c++17";
				CLANG_CXX_LIBRARY = "libc++";
				CLANG_WARN_ASSIGN_ENUM = YES;
				CLANG_WARN_BLOCK_CAPTURE_AUTORELEASING = YES;
				CLANG_WARN_BOOL_CONVERSION = YES;
				CLANG_WARN_COMMA = YES;
				CLANG_WARN_CONSTANT_CONVERSION = YES;
				CLANG_WARN_DEPRECATED_OBJC_IMPLEMENTATIONS = YES;
				CLANG_WARN_DIRECT_OBJC_ISA_USAGE = YES_ERROR;
				CLANG_WARN_DOCUMENTATION_COMMENTS = YES;
				CLANG_WARN_EMPTY_BODY = YES;
				CLANG_WARN_ENUM_CONVERSION = YES;
				CLANG_WARN_IMPLICIT_SIGN_CONVERSION = YES;
				CLANG_WARN_INFINITE_RECURSION = YES;
				CLANG_WARN_INT_CONVERSION = YES;
				CLANG_WARN_OBJC_IMPLICIT_RETAIN_SELF = YES;
				CLANG_WARN_OBJC_ROOT_CLASS = YES_ERROR;
				CLANG_WARN_RANGE_LOOP_ANALYSIS = YES;
				CLANG_WARN_STRICT_PROTOTYPES = YES;
				CLANG_WARN_SUSPICIOUS_IMPLICIT_CONVERSION = YES;
				CLANG_WARN_SUSPICIOUS_MOVE = YES;
				CLANG_WARN_UNREACHABLE_CODE = YES;
				CLANG_WARN__DUPLICATE_METHOD_MATCH = YES;
				CLANG_WARN__EXIT_TIME_DESTRUCTORS = YES;
				COPY_PHASE_STRIP = NO;
				DEBUG_INFORMATION_FORMAT = "dwarf-with-dsym";
				ENABLE_STRICT_OBJC_MSGSEND = YES;
				GCC_NO_COMMON_BLOCKS = YES;
				GCC_OPTIMIZATION_LEVEL = fast;
				GCC_TREAT_IMPLICIT_FUNCTION_DECLARATIONS_AS_ERRORS = YES;
				GCC_TREAT_INCOMPATIBLE_POINTER_TYPE_WARNINGS_AS_ERRORS = YES;
				GCC_WARN_64_TO_32_BIT_CONVERSION = YES;
				GCC_WARN_ABOUT_MISSING_FIELD_INITIALIZERS = YES;
				GCC_WARN_ABOUT_MISSING_NEWLINE = YES;
				GCC_WARN_ABOUT_MISSING_PROTOTYPES = YES;
				GCC_WARN_ABOUT_RETURN_TYPE = YES_ERROR;
				GCC_WARN_FOUR_CHARACTER_CONSTANTS = YES;
				GCC_WARN_HIDDEN_VIRTUAL_FUNCTIONS = YES;
				GCC_WARN_INITIALIZER_NOT_FULLY_BRACKETED = YES;
				GCC_WARN_NON_VIRTUAL_DESTRUCTOR = YES;
				GCC_WARN_SHADOW = YES;
				GCC_WARN_SIGN_COMPARE = YES;
				GCC_WARN_UNDECLARED_SELECTOR = YES;
				GCC_WARN_UNINITIALIZED_AUTOS = YES_AGGRESSIVE;
				GCC_WARN_UNKNOWN_PRAGMAS = YES;
				GCC_WARN_UNUSED_FUNCTION = YES;
				GCC_WARN_UNUSED_LABEL = YES;
				GCC_WARN_UNUSED_PARAMETER = YES;
				GCC_WARN_UNUSED_VARIABLE = YES;
				IPHONEOS_DEPLOYMENT_TARGET = 11.4;
				LIBRARY_SEARCH_PATHS = /opt/boost/lib;
				PRODUCT_NAME = tess3;
				SKIP_INSTALL = YES;
				SYSTEM_HEADER_SEARCH_PATHS = /opt/boost/include;
				VALIDATE_PRODUCT = YES;
			};
			name = Release;
		};
		96FF98A41D65E54900404BDA /* Debug */ = {
			isa = XCBuildConfiguration;
			buildSettings = {
				CLANG_ENABLE_OBJC_WEAK = YES;
				SDKROOT = iphoneos;
			};
			name = Debug;
		};
		96FF98A51D65E54900404BDA /* Release */ = {
			isa = XCBuildConfiguration;
			buildSettings = {
				CLANG_ENABLE_OBJC_WEAK = YES;
				SDKROOT = iphoneos;
			};
			name = Release;
		};
/* End XCBuildConfiguration section */

/* Begin XCConfigurationList section */
		96FF98951D65E54800404BDA /* Build configuration list for PBXProject "Tess3" */ = {
			isa = XCConfigurationList;
			buildConfigurations = (
				96FF98A11D65E54900404BDA /* Debug */,
				96FF98A21D65E54900404BDA /* Release */,
			);
			defaultConfigurationIsVisible = 0;
			defaultConfigurationName = Release;
		};
		96FF98A31D65E54900404BDA /* Build configuration list for PBXNativeTarget "Tess3" */ = {
			isa = XCConfigurationList;
			buildConfigurations = (
				96FF98A41D65E54900404BDA /* Debug */,
				96FF98A51D65E54900404BDA /* Release */,
			);
			defaultConfigurationIsVisible = 0;
			defaultConfigurationName = Release;
		};
/* End XCConfigurationList section */
	};
	rootObject = 96FF98921D65E54800404BDA /* Project object */;
}
